
Microsoft Visual Studio Solution File, Format Version 12.00
# Visual Studio 14
VisualStudioVersion = 14.0.24720.0
MinimumVisualStudioVersion = 10.0.40219.1
Project("{FAE04EC0-301F-11D3-BF4B-00C04F79EFBC}") = "Circle", "Circle\Circle.csproj", "{D2D2F8AC-3BBF-4C9A-B86B-900C6DB819A0}"
EndProject
Project("{FAE04EC0-301F-11D3-BF4B-00C04F79EFBC}") = "Spaceship", "Spaceship\Spaceship.csproj", "{9A4BA38E-C6FB-49B0-B4C4-A6DFC26C68FE}"
EndProject
Project("{FAE04EC0-301F-11D3-BF4B-00C04F79EFBC}") = "Repaso", "Repaso\Repaso.csproj", "{F15C5D09-AD9F-4911-A0A9-56D86E020CB4}"
EndProject
Project("{FAE04EC0-301F-11D3-BF4B-00C04F79EFBC}") = "FortuneCookie", "FortuneCookie\FortuneCookie.csproj", "{B4161531-B3C2-4AE2-9CE2-9DD5F558BC23}"
EndProject
Global
	GlobalSection(SolutionConfigurationPlatforms) = preSolution
		Debug|Any CPU = Debug|Any CPU
		Release|Any CPU = Release|Any CPU
	EndGlobalSection
	GlobalSection(ProjectConfigurationPlatforms) = postSolution
		{D2D2F8AC-3BBF-4C9A-B86B-900C6DB819A0}.Debug|Any CPU.ActiveCfg = Debug|Any CPU
		{D2D2F8AC-3BBF-4C9A-B86B-900C6DB819A0}.Debug|Any CPU.Build.0 = Debug|Any CPU
		{D2D2F8AC-3BBF-4C9A-B86B-900C6DB819A0}.Release|Any CPU.ActiveCfg = Release|Any CPU
		{D2D2F8AC-3BBF-4C9A-B86B-900C6DB819A0}.Release|Any CPU.Build.0 = Release|Any CPU
		{9A4BA38E-C6FB-49B0-B4C4-A6DFC26C68FE}.Debug|Any CPU.ActiveCfg = Debug|Any CPU
		{9A4BA38E-C6FB-49B0-B4C4-A6DFC26C68FE}.Debug|Any CPU.Build.0 = Debug|Any CPU
		{9A4BA38E-C6FB-49B0-B4C4-A6DFC26C68FE}.Release|Any CPU.ActiveCfg = Release|Any CPU
		{9A4BA38E-C6FB-49B0-B4C4-A6DFC26C68FE}.Release|Any CPU.Build.0 = Release|Any CPU
		{F15C5D09-AD9F-4911-A0A9-56D86E020CB4}.Debug|Any CPU.ActiveCfg = Debug|Any CPU
		{F15C5D09-AD9F-4911-A0A9-56D86E020CB4}.Debug|Any CPU.Build.0 = Debug|Any CPU
		{F15C5D09-AD9F-4911-A0A9-56D86E020CB4}.Release|Any CPU.ActiveCfg = Release|Any CPU
		{F15C5D09-AD9F-4911-A0A9-56D86E020CB4}.Release|Any CPU.Build.0 = Release|Any CPU
		{B4161531-B3C2-4AE2-9CE2-9DD5F558BC23}.Debug|Any CPU.ActiveCfg = Debug|Any CPU
		{B4161531-B3C2-4AE2-9CE2-9DD5F558BC23}.Debug|Any CPU.Build.0 = Debug|Any CPU
		{B4161531-B3C2-4AE2-9CE2-9DD5F558BC23}.Release|Any CPU.ActiveCfg = Release|Any CPU
		{B4161531-B3C2-4AE2-9CE2-9DD5F558BC23}.Release|Any CPU.Build.0 = Release|Any CPU
	EndGlobalSection
	GlobalSection(SolutionProperties) = preSolution
		HideSolutionNode = FALSE
	EndGlobalSection
EndGlobal
